
Microsoft Visual Studio Solution File, Format Version 12.00
Project("{FAE04EC0-301F-11D3-BF4B-00C04F79EFBC}") = "MyCSharpGame", "MyCSharpGame\MyCSharpGame.csproj", "{DB5DDE85-703E-43A3-80F3-D61C6B8D2E28}"
EndProject
Global
	GlobalSection(SolutionConfigurationPlatforms) = preSolution
		Debug|Any CPU = Debug|Any CPU
		Release|Any CPU = Release|Any CPU
	EndGlobalSection
	GlobalSection(ProjectConfigurationPlatforms) = postSolution
		{DB5DDE85-703E-43A3-80F3-D61C6B8D2E28}.Debug|Any CPU.ActiveCfg = Debug|Any CPU
		{DB5DDE85-703E-43A3-80F3-D61C6B8D2E28}.Debug|Any CPU.Build.0 = Debug|Any CPU
		{DB5DDE85-703E-43A3-80F3-D61C6B8D2E28}.Release|Any CPU.ActiveCfg = Release|Any CPU
		{DB5DDE85-703E-43A3-80F3-D61C6B8D2E28}.Release|Any CPU.Build.0 = Release|Any CPU
	EndGlobalSection
EndGlobal
